<?xml version="1.0" encoding="utf-8"?>
<Project ToolsVersion="4.0" xmlns="http://schemas.microsoft.com/developer/msbuild/2003">
  <ItemGroup>
    <Filter Include="源文件">
      <UniqueIdentifier>{4FC737F1-C7A5-4376-A066-2A32D752A2FF}</UniqueIdentifier>
      <Extensions>cpp;c;cc;cxx;c++;cppm;ixx;def;odl;idl;hpj;bat;asm;asmx</Extensions>
    </Filter>
    <Filter Include="头文件">
      <UniqueIdentifier>{93995380-89BD-4b04-88EB-625FBE52EBFB}</UniqueIdentifier>
      <Extensions>h;hh;hpp;hxx;h++;hm;inl;inc;ipp;xsd</Extensions>
    </Filter>
    <Filter Include="资源文件">
      <UniqueIdentifier>{67DA6AB6-F800-4c08-8B7A-83BB121AAD01}</UniqueIdentifier>
      <Extensions>rc;ico;cur;bmp;dlg;rc2;rct;bin;rgs;gif;jpg;jpeg;jpe;resx;tiff;tif;png;wav;mfcribbon-ms</Extensions>
    </Filter>
  </ItemGroup>
  <ItemGroup>
    <ClCompile Include="源.cpp">
      <Filter>源文件</Filter>
    </ClCompile>
    <ClCompile Include="力扣283-移动0.cpp">
      <Filter>源文件</Filter>
    </ClCompile>
    <ClCompile Include="力扣27-移除元素.cpp">
      <Filter>源文件</Filter>
    </ClCompile>
    <ClCompile Include="力扣26-删除有序数组中的重复项.cpp">
      <Filter>源文件</Filter>
    </ClCompile>
    <ClCompile Include="力扣80-删除有序数组中的重复项 II.cpp">
      <Filter>源文件</Filter>
    </ClCompile>
    <ClCompile Include="力扣75-颜色分类.cpp">
      <Filter>源文件</Filter>
    </ClCompile>
    <ClCompile Include="力扣88-合并两个有序数组.cpp">
      <Filter>源文件</Filter>
    </ClCompile>
    <ClCompile Include="力扣215-数组中的第K个最大元素.cpp">
      <Filter>源文件</Filter>
    </ClCompile>
    <ClCompile Include="力扣167-两数之和II输入有序数组.cpp">
      <Filter>源文件</Filter>
    </ClCompile>
    <ClCompile Include="力扣125-验证回文串.cpp">
      <Filter>源文件</Filter>
    </ClCompile>
    <ClCompile Include="力扣344-反转字符串.cpp">
      <Filter>源文件</Filter>
    </ClCompile>
    <ClCompile Include="力扣345-反转字符串中的元音字母.cpp">
      <Filter>源文件</Filter>
    </ClCompile>
    <ClCompile Include="力扣11-盛最多水的容器.cpp">
      <Filter>源文件</Filter>
    </ClCompile>
    <ClCompile Include="力扣209-长度最小的子数组.cpp">
      <Filter>源文件</Filter>
    </ClCompile>
    <ClCompile Include="力扣3-无重复字符的最长子串.cpp">
      <Filter>源文件</Filter>
    </ClCompile>
    <ClCompile Include="力扣438-找到字符串中所有字母异位词.cpp">
      <Filter>源文件</Filter>
    </ClCompile>
    <ClCompile Include="力扣76-最小覆盖子串.cpp">
      <Filter>源文件</Filter>
    </ClCompile>
  </ItemGroup>
  <ItemGroup>
    <ClInclude Include="MyUtil.h">
      <Filter>头文件</Filter>
    </ClInclude>
    <ClInclude Include="排序函数.h">
      <Filter>头文件</Filter>
    </ClInclude>
  </ItemGroup>
</Project>